
Microsoft Visual Studio Solution File, Format Version 12.00
# Visual Studio Version 17
VisualStudioVersion = 17.5.002.0
MinimumVisualStudioVersion = 10.0.40219.1
Project("{9A19103F-16F7-4668-BE54-9A1E7A4F7556}") = "TextEditor", "TextEditor.csproj", "{419132CE-99AF-4EF6-8B52-C6CEC51EE2DD}"
EndProject
Global
	GlobalSection(SolutionConfigurationPlatforms) = preSolution
		Debug|Any CPU = Debug|Any CPU
		Release|Any CPU = Release|Any CPU
	EndGlobalSection
	GlobalSection(ProjectConfigurationPlatforms) = postSolution
		{419132CE-99AF-4EF6-8B52-C6CEC51EE2DD}.Debug|Any CPU.ActiveCfg = Debug|Any CPU
		{419132CE-99AF-4EF6-8B52-C6CEC51EE2DD}.Debug|Any CPU.Build.0 = Debug|Any CPU
		{419132CE-99AF-4EF6-8B52-C6CEC51EE2DD}.Release|Any CPU.ActiveCfg = Release|Any CPU
		{419132CE-99AF-4EF6-8B52-C6CEC51EE2DD}.Release|Any CPU.Build.0 = Release|Any CPU
	EndGlobalSection
	GlobalSection(SolutionProperties) = preSolution
		HideSolutionNode = FALSE
	EndGlobalSection
	GlobalSection(ExtensibilityGlobals) = postSolution
		SolutionGuid = {B6FCC6DC-DDB0-4E32-BDF4-A4A611914AD1}
	EndGlobalSection
EndGlobal
